// !$*UTF8*$!
{
	archiveVersion = 1;
	classes = {
	};
	objectVersion = 50;
	objects = {

/* Begin PBXBuildFile section */
		453900D8230763FA00446758 /* ResultViewController.swift in Sources */ = {isa = PBXBuildFile; fileRef = 453900D6230763FA00446758 /* ResultViewController.swift */; };
		453900D9230763FA00446758 /* ResultViewController.xib in Resources */ = {isa = PBXBuildFile; fileRef = 453900D7230763FA00446758 /* ResultViewController.xib */; };
		453900DD230B697100446758 /* FoodResultModel.swift in Sources */ = {isa = PBXBuildFile; fileRef = 453900DC230B697100446758 /* FoodResultModel.swift */; };
		453900ED230E01BE00446758 /* CustomCell.swift in Sources */ = {isa = PBXBuildFile; fileRef = 453900EB230E01BE00446758 /* CustomCell.swift */; };
		453900EE230E01BE00446758 /* CustomCell.xib in Resources */ = {isa = PBXBuildFile; fileRef = 453900EC230E01BE00446758 /* CustomCell.xib */; };
		4541AB112305FAFA00E9B7C2 /* GoogleService-Info.plist in Resources */ = {isa = PBXBuildFile; fileRef = 4541AB102305FAFA00E9B7C2 /* GoogleService-Info.plist */; };
		457FC7EA22FB61C500B4A8AD /* AppDelegate.swift in Sources */ = {isa = PBXBuildFile; fileRef = 457FC7E922FB61C500B4A8AD /* AppDelegate.swift */; };
		457FC7EC22FB61C500B4A8AD /* LandingViewController.swift in Sources */ = {isa = PBXBuildFile; fileRef = 457FC7EB22FB61C500B4A8AD /* LandingViewController.swift */; };
		457FC7EF22FB61C500B4A8AD /* Main.storyboard in Resources */ = {isa = PBXBuildFile; fileRef = 457FC7ED22FB61C500B4A8AD /* Main.storyboard */; };
		457FC7F122FB61C600B4A8AD /* Assets.xcassets in Resources */ = {isa = PBXBuildFile; fileRef = 457FC7F022FB61C600B4A8AD /* Assets.xcassets */; };
		457FC7F422FB61C600B4A8AD /* LaunchScreen.storyboard in Resources */ = {isa = PBXBuildFile; fileRef = 457FC7F222FB61C600B4A8AD /* LaunchScreen.storyboard */; };
		457FC80122FBB6C900B4A8AD /* SF-Pro-Display-Thin.otf in Resources */ = {isa = PBXBuildFile; fileRef = 457FC80022FBB6C900B4A8AD /* SF-Pro-Display-Thin.otf */; };
		459144D223049FE7004A0A9E /* model in Resources */ = {isa = PBXBuildFile; fileRef = 459144D123049FE7004A0A9E /* model */; };
		F5BF167EF5F081D4685C27C8 /* Pods_Bunny_Eats.framework in Frameworks */ = {isa = PBXBuildFile; fileRef = FDCB7E8DDF03F6E1BC3CD2B9 /* Pods_Bunny_Eats.framework */; };
/* End PBXBuildFile section */

/* Begin PBXFileReference section */
		1AD98D8C816069217097D4AD /* Pods-Bunny Eats.release.xcconfig */ = {isa = PBXFileReference; includeInIndex = 1; lastKnownFileType = text.xcconfig; name = "Pods-Bunny Eats.release.xcconfig"; path = "Target Support Files/Pods-Bunny Eats/Pods-Bunny Eats.release.xcconfig"; sourceTree = "<group>"; };
		453900D6230763FA00446758 /* ResultViewController.swift */ = {isa = PBXFileReference; lastKnownFileType = sourcecode.swift; path = ResultViewController.swift; sourceTree = "<group>"; };
		453900D7230763FA00446758 /* ResultViewController.xib */ = {isa = PBXFileReference; lastKnownFileType = file.xib; path = ResultViewController.xib; sourceTree = "<group>"; };
		453900DC230B697100446758 /* FoodResultModel.swift */ = {isa = PBXFileReference; lastKnownFileType = sourcecode.swift; path = FoodResultModel.swift; sourceTree = "<group>"; };
		453900EB230E01BE00446758 /* CustomCell.swift */ = {isa = PBXFileReference; lastKnownFileType = sourcecode.swift; path = CustomCell.swift; sourceTree = "<group>"; };
		453900EC230E01BE00446758 /* CustomCell.xib */ = {isa = PBXFileReference; lastKnownFileType = file.xib; path = CustomCell.xib; sourceTree = "<group>"; };
		453900EF230E36C000446758 /* SF-Pro-Display-Regular.otf */ = {isa = PBXFileReference; lastKnownFileType = file; path = "SF-Pro-Display-Regular.otf"; sourceTree = "<group>"; };
		4541AB102305FAFA00E9B7C2 /* GoogleService-Info.plist */ = {isa = PBXFileReference; fileEncoding = 4; lastKnownFileType = text.plist.xml; path = "GoogleService-Info.plist"; sourceTree = "<group>"; };
		457FC7E622FB61C500B4A8AD /* Bunny Eats.app */ = {isa = PBXFileReference; explicitFileType = wrapper.application; includeInIndex = 0; path = "Bunny Eats.app"; sourceTree = BUILT_PRODUCTS_DIR; };
		457FC7E922FB61C500B4A8AD /* AppDelegate.swift */ = {isa = PBXFileReference; lastKnownFileType = sourcecode.swift; path = AppDelegate.swift; sourceTree = "<group>"; };
		457FC7EB22FB61C500B4A8AD /* LandingViewController.swift */ = {isa = PBXFileReference; lastKnownFileType = sourcecode.swift; path = LandingViewController.swift; sourceTree = "<group>"; };
		457FC7EE22FB61C500B4A8AD /* Base */ = {isa = PBXFileReference; lastKnownFileType = file.storyboard; name = Base; path = Base.lproj/Main.storyboard; sourceTree = "<group>"; };
		457FC7F022FB61C600B4A8AD /* Assets.xcassets */ = {isa = PBXFileReference; lastKnownFileType = folder.assetcatalog; path = Assets.xcassets; sourceTree = "<group>"; };
		457FC7F322FB61C600B4A8AD /* Base */ = {isa = PBXFileReference; lastKnownFileType = file.storyboard; name = Base; path = Base.lproj/LaunchScreen.storyboard; sourceTree = "<group>"; };
		457FC7F522FB61C600B4A8AD /* Info.plist */ = {isa = PBXFileReference; lastKnownFileType = text.plist.xml; path = Info.plist; sourceTree = "<group>"; };
		457FC80022FBB6C900B4A8AD /* SF-Pro-Display-Thin.otf */ = {isa = PBXFileReference; lastKnownFileType = file; path = "SF-Pro-Display-Thin.otf"; sourceTree = "<group>"; };
		459144D123049FE7004A0A9E /* model */ = {isa = PBXFileReference; lastKnownFileType = folder; path = model; sourceTree = "<group>"; };
		967B97C942920516551C70B4 /* Pods-Bunny Eats.debug.xcconfig */ = {isa = PBXFileReference; includeInIndex = 1; lastKnownFileType = text.xcconfig; name = "Pods-Bunny Eats.debug.xcconfig"; path = "Target Support Files/Pods-Bunny Eats/Pods-Bunny Eats.debug.xcconfig"; sourceTree = "<group>"; };
		FDCB7E8DDF03F6E1BC3CD2B9 /* Pods_Bunny_Eats.framework */ = {isa = PBXFileReference; explicitFileType = wrapper.framework; includeInIndex = 0; path = Pods_Bunny_Eats.framework; sourceTree = BUILT_PRODUCTS_DIR; };
/* End PBXFileReference section */

/* Begin PBXFrameworksBuildPhase section */
		457FC7E322FB61C500B4A8AD /* Frameworks */ = {
			isa = PBXFrameworksBuildPhase;
			buildActionMask = 2147483647;
			files = (
				F5BF167EF5F081D4685C27C8 /* Pods_Bunny_Eats.framework in Frameworks */,
			);
			runOnlyForDeploymentPostprocessing = 0;
		};
/* End PBXFrameworksBuildPhase section */

/* Begin PBXGroup section */
		4460407A1A28FF895D9B99CE /* Pods */ = {
			isa = PBXGroup;
			children = (
				967B97C942920516551C70B4 /* Pods-Bunny Eats.debug.xcconfig */,
				1AD98D8C816069217097D4AD /* Pods-Bunny Eats.release.xcconfig */,
			);
			path = Pods;
			sourceTree = "<group>";
		};
		457FC7DD22FB61C400B4A8AD = {
			isa = PBXGroup;
			children = (
				459144D123049FE7004A0A9E /* model */,
				457FC7E822FB61C500B4A8AD /* Bunny Eats */,
				457FC7E722FB61C500B4A8AD /* Products */,
				4460407A1A28FF895D9B99CE /* Pods */,
				7FDC1C841A9DAAF12108276A /* Frameworks */,
			);
			sourceTree = "<group>";
		};
		457FC7E722FB61C500B4A8AD /* Products */ = {
			isa = PBXGroup;
			children = (
				457FC7E622FB61C500B4A8AD /* Bunny Eats.app */,
			);
			name = Products;
			sourceTree = "<group>";
		};
		457FC7E822FB61C500B4A8AD /* Bunny Eats */ = {
			isa = PBXGroup;
			children = (
				457FC7FE22FBB65D00B4A8AD /* Model */,
				457FC7FC22FBB62C00B4A8AD /* View */,
				457FC7FD22FBB64200B4A8AD /* Controller */,
				457FC7FF22FBB68100B4A8AD /* Support Files */,
				457FC7F022FB61C600B4A8AD /* Assets.xcassets */,
			);
			path = "Bunny Eats";
			sourceTree = "<group>";
		};
		457FC7FC22FBB62C00B4A8AD /* View */ = {
			isa = PBXGroup;
			children = (
				457FC7ED22FB61C500B4A8AD /* Main.storyboard */,
				457FC7F222FB61C600B4A8AD /* LaunchScreen.storyboard */,
			);
			path = View;
			sourceTree = "<group>";
		};
		457FC7FD22FBB64200B4A8AD /* Controller */ = {
			isa = PBXGroup;
			children = (
				457FC7E922FB61C500B4A8AD /* AppDelegate.swift */,
				457FC7EB22FB61C500B4A8AD /* LandingViewController.swift */,
				453900D6230763FA00446758 /* ResultViewController.swift */,
				453900D7230763FA00446758 /* ResultViewController.xib */,
				453900EB230E01BE00446758 /* CustomCell.swift */,
				453900EC230E01BE00446758 /* CustomCell.xib */,
			);
			path = Controller;
			sourceTree = "<group>";
		};
		457FC7FE22FBB65D00B4A8AD /* Model */ = {
			isa = PBXGroup;
			children = (
				453900DC230B697100446758 /* FoodResultModel.swift */,
			);
			path = Model;
			sourceTree = "<group>";
		};
		457FC7FF22FBB68100B4A8AD /* Support Files */ = {
			isa = PBXGroup;
			children = (
				457FC7F522FB61C600B4A8AD /* Info.plist */,
				4541AB102305FAFA00E9B7C2 /* GoogleService-Info.plist */,
				457FC80022FBB6C900B4A8AD /* SF-Pro-Display-Thin.otf */,
				453900EF230E36C000446758 /* SF-Pro-Display-Regular.otf */,
			);
			path = "Support Files";
			sourceTree = "<group>";
		};
		7FDC1C841A9DAAF12108276A /* Frameworks */ = {
			isa = PBXGroup;
			children = (
				FDCB7E8DDF03F6E1BC3CD2B9 /* Pods_Bunny_Eats.framework */,
			);
			name = Frameworks;
			sourceTree = "<group>";
		};
/* End PBXGroup section */

/* Begin PBXNativeTarget section */
		457FC7E522FB61C500B4A8AD /* Bunny Eats */ = {
			isa = PBXNativeTarget;
			buildConfigurationList = 457FC7F822FB61C600B4A8AD /* Build configuration list for PBXNativeTarget "Bunny Eats" */;
			buildPhases = (
				6B747CB1E530C77DB49D2EE3 /* [CP] Check Pods Manifest.lock */,
				457FC7E222FB61C500B4A8AD /* Sources */,
				457FC7E322FB61C500B4A8AD /* Frameworks */,
				457FC7E422FB61C500B4A8AD /* Resources */,
				F2CAF5BCFEBD9079CCACFA6B /* [CP] Embed Pods Frameworks */,
			);
			buildRules = (
			);
			dependencies = (
			);
			name = "Bunny Eats";
			productName = "Bunny Eats";
			productReference = 457FC7E622FB61C500B4A8AD /* Bunny Eats.app */;
			productType = "com.apple.product-type.application";
		};
/* End PBXNativeTarget section */

/* Begin PBXProject section */
		457FC7DE22FB61C400B4A8AD /* Project object */ = {
			isa = PBXProject;
			attributes = {
				LastSwiftUpdateCheck = 1030;
				LastUpgradeCheck = 1030;
				ORGANIZATIONNAME = "Zhi Wei Zhang";
				TargetAttributes = {
					457FC7E522FB61C500B4A8AD = {
						CreatedOnToolsVersion = 10.3;
					};
				};
			};
			buildConfigurationList = 457FC7E122FB61C400B4A8AD /* Build configuration list for PBXProject "Bunny Eats" */;
			compatibilityVersion = "Xcode 9.3";
			developmentRegion = en;
			hasScannedForEncodings = 0;
			knownRegions = (
				en,
				Base,
			);
			mainGroup = 457FC7DD22FB61C400B4A8AD;
			productRefGroup = 457FC7E722FB61C500B4A8AD /* Products */;
			projectDirPath = "";
			projectRoot = "";
			targets = (
				457FC7E522FB61C500B4A8AD /* Bunny Eats */,
			);
		};
/* End PBXProject section */

/* Begin PBXResourcesBuildPhase section */
		457FC7E422FB61C500B4A8AD /* Resources */ = {
			isa = PBXResourcesBuildPhase;
			buildActionMask = 2147483647;
			files = (
				459144D223049FE7004A0A9E /* model in Resources */,
				457FC80122FBB6C900B4A8AD /* SF-Pro-Display-Thin.otf in Resources */,
				453900EE230E01BE00446758 /* CustomCell.xib in Resources */,
				457FC7F422FB61C600B4A8AD /* LaunchScreen.storyboard in Resources */,
				457FC7F122FB61C600B4A8AD /* Assets.xcassets in Resources */,
				457FC7EF22FB61C500B4A8AD /* Main.storyboard in Resources */,
				4541AB112305FAFA00E9B7C2 /* GoogleService-Info.plist in Resources */,
				453900D9230763FA00446758 /* ResultViewController.xib in Resources */,
			);
			runOnlyForDeploymentPostprocessing = 0;
		};
/* End PBXResourcesBuildPhase section */

/* Begin PBXShellScriptBuildPhase section */
		6B747CB1E530C77DB49D2EE3 /* [CP] Check Pods Manifest.lock */ = {
			isa = PBXShellScriptBuildPhase;
			buildActionMask = 2147483647;
			files = (
			);
			inputFileListPaths = (
			);
			inputPaths = (
				"${PODS_PODFILE_DIR_PATH}/Podfile.lock",
				"${PODS_ROOT}/Manifest.lock",
			);
			name = "[CP] Check Pods Manifest.lock";
			outputFileListPaths = (
			);
			outputPaths = (
				"$(DERIVED_FILE_DIR)/Pods-Bunny Eats-checkManifestLockResult.txt",
			);
			runOnlyForDeploymentPostprocessing = 0;
			shellPath = /bin/sh;
			shellScript = "diff \"${PODS_PODFILE_DIR_PATH}/Podfile.lock\" \"${PODS_ROOT}/Manifest.lock\" > /dev/null\nif [ $? != 0 ] ; then\n    # print error to STDERR\n    echo \"error: The sandbox is not in sync with the Podfile.lock. Run 'pod install' or update your CocoaPods installation.\" >&2\n    exit 1\nfi\n# This output is used by Xcode 'outputs' to avoid re-running this script phase.\necho \"SUCCESS\" > \"${SCRIPT_OUTPUT_FILE_0}\"\n";
			showEnvVarsInLog = 0;
		};
		F2CAF5BCFEBD9079CCACFA6B /* [CP] Embed Pods Frameworks */ = {
			isa = PBXShellScriptBuildPhase;
			buildActionMask = 2147483647;
			files = (
			);
			inputFileListPaths = (
			);
			inputPaths = (
				"${PODS_ROOT}/Target Support Files/Pods-Bunny Eats/Pods-Bunny Eats-frameworks.sh",
				"${BUILT_PRODUCTS_DIR}/Alamofire/Alamofire.framework",
				"${BUILT_PRODUCTS_DIR}/GTMSessionFetcher/GTMSessionFetcher.framework",
				"${BUILT_PRODUCTS_DIR}/GoogleAPIClientForREST/GoogleAPIClientForREST.framework",
				"${BUILT_PRODUCTS_DIR}/GoogleToolboxForMac/GoogleToolboxForMac.framework",
				"${BUILT_PRODUCTS_DIR}/GoogleUtilities/GoogleUtilities.framework",
				"${BUILT_PRODUCTS_DIR}/Protobuf/Protobuf.framework",
				"${BUILT_PRODUCTS_DIR}/SVProgressHUD/SVProgressHUD.framework",
				"${BUILT_PRODUCTS_DIR}/SwiftyJSON/SwiftyJSON.framework",
				"${BUILT_PRODUCTS_DIR}/nanopb/nanopb.framework",
			);
			name = "[CP] Embed Pods Frameworks";
			outputFileListPaths = (
			);
			outputPaths = (
				"${TARGET_BUILD_DIR}/${FRAMEWORKS_FOLDER_PATH}/Alamofire.framework",
				"${TARGET_BUILD_DIR}/${FRAMEWORKS_FOLDER_PATH}/GTMSessionFetcher.framework",
				"${TARGET_BUILD_DIR}/${FRAMEWORKS_FOLDER_PATH}/GoogleAPIClientForREST.framework",
				"${TARGET_BUILD_DIR}/${FRAMEWORKS_FOLDER_PATH}/GoogleToolboxForMac.framework",
				"${TARGET_BUILD_DIR}/${FRAMEWORKS_FOLDER_PATH}/GoogleUtilities.framework",
				"${TARGET_BUILD_DIR}/${FRAMEWORKS_FOLDER_PATH}/Protobuf.framework",
				"${TARGET_BUILD_DIR}/${FRAMEWORKS_FOLDER_PATH}/SVProgressHUD.framework",
				"${TARGET_BUILD_DIR}/${FRAMEWORKS_FOLDER_PATH}/SwiftyJSON.framework",
				"${TARGET_BUILD_DIR}/${FRAMEWORKS_FOLDER_PATH}/nanopb.framework",
			);
			runOnlyForDeploymentPostprocessing = 0;
			shellPath = /bin/sh;
			shellScript = "\"${PODS_ROOT}/Target Support Files/Pods-Bunny Eats/Pods-Bunny Eats-frameworks.sh\"\n";
			showEnvVarsInLog = 0;
		};
/* End PBXShellScriptBuildPhase section */

/* Begin PBXSourcesBuildPhase section */
		457FC7E222FB61C500B4A8AD /* Sources */ = {
			isa = PBXSourcesBuildPhase;
			buildActionMask = 2147483647;
			files = (
				453900DD230B697100446758 /* FoodResultModel.swift in Sources */,
				457FC7EC22FB61C500B4A8AD /* LandingViewController.swift in Sources */,
				453900ED230E01BE00446758 /* CustomCell.swift in Sources */,
				457FC7EA22FB61C500B4A8AD /* AppDelegate.swift in Sources */,
				453900D8230763FA00446758 /* ResultViewController.swift in Sources */,
			);
			runOnlyForDeploymentPostprocessing = 0;
		};
/* End PBXSourcesBuildPhase section */

/* Begin PBXVariantGroup section */
		457FC7ED22FB61C500B4A8AD /* Main.storyboard */ = {
			isa = PBXVariantGroup;
			children = (
				457FC7EE22FB61C500B4A8AD /* Base */,
			);
			name = Main.storyboard;
			sourceTree = "<group>";
		};
		457FC7F222FB61C600B4A8AD /* LaunchScreen.storyboard */ = {
			isa = PBXVariantGroup;
			children = (
				457FC7F322FB61C600B4A8AD /* Base */,
			);
			name = LaunchScreen.storyboard;
			sourceTree = "<group>";
		};
/* End PBXVariantGroup section */

/* Begin XCBuildConfiguration section */
		457FC7F622FB61C600B4A8AD /* Debug */ = {
			isa = XCBuildConfiguration;
			buildSettings = {
				ALWAYS_SEARCH_USER_PATHS = NO;
				CLANG_ANALYZER_NONNULL = YES;
				CLANG_ANALYZER_NUMBER_OBJECT_CONVERSION = YES_AGGRESSIVE;
				CLANG_CXX_LANGUAGE_STANDARD = "gnu++14";
				CLANG_CXX_LIBRARY = "libc++";
				CLANG_ENABLE_MODULES = YES;
				CLANG_ENABLE_OBJC_ARC = YES;
				CLANG_ENABLE_OBJC_WEAK = YES;
				CLANG_WARN_BLOCK_CAPTURE_AUTORELEASING = YES;
				CLANG_WARN_BOOL_CONVERSION = YES;
				CLANG_WARN_COMMA = YES;
				CLANG_WARN_CONSTANT_CONVERSION = YES;
				CLANG_WARN_DEPRECATED_OBJC_IMPLEMENTATIONS = YES;
				CLANG_WARN_DIRECT_OBJC_ISA_USAGE = YES_ERROR;
				CLANG_WARN_DOCUMENTATION_COMMENTS = YES;
				CLANG_WARN_EMPTY_BODY = YES;
				CLANG_WARN_ENUM_CONVERSION = YES;
				CLANG_WARN_INFINITE_RECURSION = YES;
				CLANG_WARN_INT_CONVERSION = YES;
				CLANG_WARN_NON_LITERAL_NULL_CONVERSION = YES;
				CLANG_WARN_OBJC_IMPLICIT_RETAIN_SELF = YES;
				CLANG_WARN_OBJC_LITERAL_CONVERSION = YES;
				CLANG_WARN_OBJC_ROOT_CLASS = YES_ERROR;
				CLANG_WARN_RANGE_LOOP_ANALYSIS = YES;
				CLANG_WARN_STRICT_PROTOTYPES = YES;
				CLANG_WARN_SUSPICIOUS_MOVE = YES;
				CLANG_WARN_UNGUARDED_AVAILABILITY = YES_AGGRESSIVE;
				CLANG_WARN_UNREACHABLE_CODE = YES;
				CLANG_WARN__DUPLICATE_METHOD_MATCH = YES;
				CODE_SIGN_IDENTITY = "iPhone Developer";
				COPY_PHASE_STRIP = NO;
				DEBUG_INFORMATION_FORMAT = dwarf;
				ENABLE_STRICT_OBJC_MSGSEND = YES;
				ENABLE_TESTABILITY = YES;
				GCC_C_LANGUAGE_STANDARD = gnu11;
				GCC_DYNAMIC_NO_PIC = NO;
				GCC_NO_COMMON_BLOCKS = YES;
				GCC_OPTIMIZATION_LEVEL = 0;
				GCC_PREPROCESSOR_DEFINITIONS = (
					"DEBUG=1",
					"$(inherited)",
				);
				GCC_WARN_64_TO_32_BIT_CONVERSION = YES;
				GCC_WARN_ABOUT_RETURN_TYPE = YES_ERROR;
				GCC_WARN_UNDECLARED_SELECTOR = YES;
				GCC_WARN_UNINITIALIZED_AUTOS = YES_AGGRESSIVE;
				GCC_WARN_UNUSED_FUNCTION = YES;
				GCC_WARN_UNUSED_VARIABLE = YES;
				IPHONEOS_DEPLOYMENT_TARGET = 12.4;
				MTL_ENABLE_DEBUG_INFO = INCLUDE_SOURCE;
				MTL_FAST_MATH = YES;
				ONLY_ACTIVE_ARCH = YES;
				SDKROOT = iphoneos;
				SWIFT_ACTIVE_COMPILATION_CONDITIONS = DEBUG;
				SWIFT_OPTIMIZATION_LEVEL = "-Onone";
			};
			name = Debug;
		};
		457FC7F722FB61C600B4A8AD /* Release */ = {
			isa = XCBuildConfiguration;
			buildSettings = {
				ALWAYS_SEARCH_USER_PATHS = NO;
				CLANG_ANALYZER_NONNULL = YES;
				CLANG_ANALYZER_NUMBER_OBJECT_CONVERSION = YES_AGGRESSIVE;
				CLANG_CXX_LANGUAGE_STANDARD = "gnu++14";
				CLANG_CXX_LIBRARY = "libc++";
				CLANG_ENABLE_MODULES = YES;
				CLANG_ENABLE_OBJC_ARC = YES;
				CLANG_ENABLE_OBJC_WEAK = YES;
				CLANG_WARN_BLOCK_CAPTURE_AUTORELEASING = YES;
				CLANG_WARN_BOOL_CONVERSION = YES;
				CLANG_WARN_COMMA = YES;
				CLANG_WARN_CONSTANT_CONVERSION = YES;
				CLANG_WARN_DEPRECATED_OBJC_IMPLEMENTATIONS = YES;
				CLANG_WARN_DIRECT_OBJC_ISA_USAGE = YES_ERROR;
				CLANG_WARN_DOCUMENTATION_COMMENTS = YES;
				CLANG_WARN_EMPTY_BODY = YES;
				CLANG_WARN_ENUM_CONVERSION = YES;
				CLANG_WARN_INFINITE_RECURSION = YES;
				CLANG_WARN_INT_CONVERSION = YES;
				CLANG_WARN_NON_LITERAL_NULL_CONVERSION = YES;
				CLANG_WARN_OBJC_IMPLICIT_RETAIN_SELF = YES;
				CLANG_WARN_OBJC_LITERAL_CONVERSION = YES;
				CLANG_WARN_OBJC_ROOT_CLASS = YES_ERROR;
				CLANG_WARN_RANGE_LOOP_ANALYSIS = YES;
				CLANG_WARN_STRICT_PROTOTYPES = YES;
				CLANG_WARN_SUSPICIOUS_MOVE = YES;
				CLANG_WARN_UNGUARDED_AVAILABILITY = YES_AGGRESSIVE;
				CLANG_WARN_UNREACHABLE_CODE = YES;
				CLANG_WARN__DUPLICATE_METHOD_MATCH = YES;
				CODE_SIGN_IDENTITY = "iPhone Developer";
				COPY_PHASE_STRIP = NO;
				DEBUG_INFORMATION_FORMAT = "dwarf-with-dsym";
				ENABLE_NS_ASSERTIONS = NO;
				ENABLE_STRICT_OBJC_MSGSEND = YES;
				GCC_C_LANGUAGE_STANDARD = gnu11;
				GCC_NO_COMMON_BLOCKS = YES;
				GCC_WARN_64_TO_32_BIT_CONVERSION = YES;
				GCC_WARN_ABOUT_RETURN_TYPE = YES_ERROR;
				GCC_WARN_UNDECLARED_SELECTOR = YES;
				GCC_WARN_UNINITIALIZED_AUTOS = YES_AGGRESSIVE;
				GCC_WARN_UNUSED_FUNCTION = YES;
				GCC_WARN_UNUSED_VARIABLE = YES;
				IPHONEOS_DEPLOYMENT_TARGET = 12.4;
				MTL_ENABLE_DEBUG_INFO = NO;
				MTL_FAST_MATH = YES;
				SDKROOT = iphoneos;
				SWIFT_COMPILATION_MODE = wholemodule;
				SWIFT_OPTIMIZATION_LEVEL = "-O";
				VALIDATE_PRODUCT = YES;
			};
			name = Release;
		};
		457FC7F922FB61C600B4A8AD /* Debug */ = {
			isa = XCBuildConfiguration;
			baseConfigurationReference = 967B97C942920516551C70B4 /* Pods-Bunny Eats.debug.xcconfig */;
			buildSettings = {
				ASSETCATALOG_COMPILER_APPICON_NAME = AppIcon;
				CODE_SIGN_STYLE = Automatic;
				DEVELOPMENT_TEAM = Q369FK9888;
				INFOPLIST_FILE = "$(SRCROOT)/Bunny Eats/Support Files/Info.plist";
				IPHONEOS_DEPLOYMENT_TARGET = 12.4;
				LD_RUNPATH_SEARCH_PATHS = (
					"$(inherited)",
					"@executable_path/Frameworks",
				);
				PRODUCT_BUNDLE_IDENTIFIER = "com.jayzhang.Bunny-Eats";
				PRODUCT_NAME = "$(TARGET_NAME)";
				SWIFT_VERSION = 5.0;
				TARGETED_DEVICE_FAMILY = "1,2";
			};
			name = Debug;
		};
		457FC7FA22FB61C600B4A8AD /* Release */ = {
			isa = XCBuildConfiguration;
			baseConfigurationReference = 1AD98D8C816069217097D4AD /* Pods-Bunny Eats.release.xcconfig */;
			buildSettings = {
				ASSETCATALOG_COMPILER_APPICON_NAME = AppIcon;
				CODE_SIGN_STYLE = Automatic;
				DEVELOPMENT_TEAM = Q369FK9888;
				INFOPLIST_FILE = "$(SRCROOT)/Bunny Eats/Support Files/Info.plist";
				IPHONEOS_DEPLOYMENT_TARGET = 12.4;
				LD_RUNPATH_SEARCH_PATHS = (
					"$(inherited)",
					"@executable_path/Frameworks",
				);
				PRODUCT_BUNDLE_IDENTIFIER = "com.jayzhang.Bunny-Eats";
				PRODUCT_NAME = "$(TARGET_NAME)";
				SWIFT_VERSION = 5.0;
				TARGETED_DEVICE_FAMILY = "1,2";
			};
			name = Release;
		};
/* End XCBuildConfiguration section */

/* Begin XCConfigurationList section */
		457FC7E122FB61C400B4A8AD /* Build configuration list for PBXProject "Bunny Eats" */ = {
			isa = XCConfigurationList;
			buildConfigurations = (
				457FC7F622FB61C600B4A8AD /* Debug */,
				457FC7F722FB61C600B4A8AD /* Release */,
			);
			defaultConfigurationIsVisible = 0;
			defaultConfigurationName = Release;
		};
		457FC7F822FB61C600B4A8AD /* Build configuration list for PBXNativeTarget "Bunny Eats" */ = {
			isa = XCConfigurationList;
			buildConfigurations = (
				457FC7F922FB61C600B4A8AD /* Debug */,
				457FC7FA22FB61C600B4A8AD /* Release */,
			);
			defaultConfigurationIsVisible = 0;
			defaultConfigurationName = Release;
		};
/* End XCConfigurationList section */
	};
	rootObject = 457FC7DE22FB61C400B4A8AD /* Project object */;
}
